
Microsoft Visual Studio Solution File, Format Version 12.00
# Visual Studio Version 17
VisualStudioVersion = 17.0.32014.148
MinimumVisualStudioVersion = 10.0.40219.1
Project("{FAE04EC0-301F-11D3-BF4B-00C04F79EFBC}") = "CalculoDeSalario", "CalculoDeSalario\CalculoDeSalario.csproj", "{8CF0B364-ED34-4AD4-BAC5-03BCEA33D1D4}"
EndProject
Global
	GlobalSection(SolutionConfigurationPlatforms) = preSolution
		Debug|Any CPU = Debug|Any CPU
		Release|Any CPU = Release|Any CPU
	EndGlobalSection
	GlobalSection(ProjectConfigurationPlatforms) = postSolution
		{8CF0B364-ED34-4AD4-BAC5-03BCEA33D1D4}.Debug|Any CPU.ActiveCfg = Debug|Any CPU
		{8CF0B364-ED34-4AD4-BAC5-03BCEA33D1D4}.Debug|Any CPU.Build.0 = Debug|Any CPU
		{8CF0B364-ED34-4AD4-BAC5-03BCEA33D1D4}.Release|Any CPU.ActiveCfg = Release|Any CPU
		{8CF0B364-ED34-4AD4-BAC5-03BCEA33D1D4}.Release|Any CPU.Build.0 = Release|Any CPU
	EndGlobalSection
	GlobalSection(SolutionProperties) = preSolution
		HideSolutionNode = FALSE
	EndGlobalSection
	GlobalSection(ExtensibilityGlobals) = postSolution
		SolutionGuid = {F403C017-3689-4652-A29F-714E21C7A8BB}
	EndGlobalSection
EndGlobal
