
Microsoft Visual Studio Solution File, Format Version 12.00
# Visual Studio Version 17
VisualStudioVersion = 17.3.32922.545
MinimumVisualStudioVersion = 10.0.40219.1
Project("{FAE04EC0-301F-11D3-BF4B-00C04F79EFBC}") = "Condicional_Ternaria", "Condicional_Ternaria\Condicional_Ternaria.csproj", "{0BF02EA6-6EB3-4C9D-85CC-64276A4CDA4A}"
EndProject
Global
	GlobalSection(SolutionConfigurationPlatforms) = preSolution
		Debug|Any CPU = Debug|Any CPU
		Release|Any CPU = Release|Any CPU
	EndGlobalSection
	GlobalSection(ProjectConfigurationPlatforms) = postSolution
		{0BF02EA6-6EB3-4C9D-85CC-64276A4CDA4A}.Debug|Any CPU.ActiveCfg = Debug|Any CPU
		{0BF02EA6-6EB3-4C9D-85CC-64276A4CDA4A}.Debug|Any CPU.Build.0 = Debug|Any CPU
		{0BF02EA6-6EB3-4C9D-85CC-64276A4CDA4A}.Release|Any CPU.ActiveCfg = Release|Any CPU
		{0BF02EA6-6EB3-4C9D-85CC-64276A4CDA4A}.Release|Any CPU.Build.0 = Release|Any CPU
	EndGlobalSection
	GlobalSection(SolutionProperties) = preSolution
		HideSolutionNode = FALSE
	EndGlobalSection
	GlobalSection(ExtensibilityGlobals) = postSolution
		SolutionGuid = {943B16A2-5625-449A-B817-22D0F7632281}
	EndGlobalSection
EndGlobal
