
Microsoft Visual Studio Solution File, Format Version 12.00
# Visual Studio Version 17
VisualStudioVersion = 17.6.33815.320
MinimumVisualStudioVersion = 10.0.40219.1
Project("{FAE04EC0-301F-11D3-BF4B-00C04F79EFBC}") = "AplicativoDeMusica", "AplicativoDeMusica.csproj", "{7F4522BB-1750-43E6-BC2B-28D8AD5D3809}"
EndProject
Global
	GlobalSection(SolutionConfigurationPlatforms) = preSolution
		Debug|Any CPU = Debug|Any CPU
		Release|Any CPU = Release|Any CPU
	EndGlobalSection
	GlobalSection(ProjectConfigurationPlatforms) = postSolution
		{7F4522BB-1750-43E6-BC2B-28D8AD5D3809}.Debug|Any CPU.ActiveCfg = Debug|Any CPU
		{7F4522BB-1750-43E6-BC2B-28D8AD5D3809}.Debug|Any CPU.Build.0 = Debug|Any CPU
		{7F4522BB-1750-43E6-BC2B-28D8AD5D3809}.Release|Any CPU.ActiveCfg = Release|Any CPU
		{7F4522BB-1750-43E6-BC2B-28D8AD5D3809}.Release|Any CPU.Build.0 = Release|Any CPU
	EndGlobalSection
	GlobalSection(SolutionProperties) = preSolution
		HideSolutionNode = FALSE
	EndGlobalSection
	GlobalSection(ExtensibilityGlobals) = postSolution
		SolutionGuid = {E8EB9E77-010C-47FB-A8E4-E82C118758B5}
	EndGlobalSection
EndGlobal
