
Microsoft Visual Studio Solution File, Format Version 12.00
# Visual Studio Version 17
VisualStudioVersion = 17.3.32922.545
MinimumVisualStudioVersion = 10.0.40219.1
Project("{FAE04EC0-301F-11D3-BF4B-00C04F79EFBC}") = "Loja", "Loja\Loja.csproj", "{D63F9721-3216-4722-9053-23AAB4761D08}"
EndProject
Global
	GlobalSection(SolutionConfigurationPlatforms) = preSolution
		Debug|Any CPU = Debug|Any CPU
		Release|Any CPU = Release|Any CPU
	EndGlobalSection
	GlobalSection(ProjectConfigurationPlatforms) = postSolution
		{D63F9721-3216-4722-9053-23AAB4761D08}.Debug|Any CPU.ActiveCfg = Debug|Any CPU
		{D63F9721-3216-4722-9053-23AAB4761D08}.Debug|Any CPU.Build.0 = Debug|Any CPU
		{D63F9721-3216-4722-9053-23AAB4761D08}.Release|Any CPU.ActiveCfg = Release|Any CPU
		{D63F9721-3216-4722-9053-23AAB4761D08}.Release|Any CPU.Build.0 = Release|Any CPU
	EndGlobalSection
	GlobalSection(SolutionProperties) = preSolution
		HideSolutionNode = FALSE
	EndGlobalSection
	GlobalSection(ExtensibilityGlobals) = postSolution
		SolutionGuid = {D74BB7A7-8B11-4C55-88FF-940F6FC91537}
	EndGlobalSection
EndGlobal
