
Microsoft Visual Studio Solution File, Format Version 12.00
# Visual Studio Version 17
VisualStudioVersion = 17.0.32014.148
MinimumVisualStudioVersion = 10.0.40219.1
Project("{FAE04EC0-301F-11D3-BF4B-00C04F79EFBC}") = "CalculoDaCircunferencia", "CalculoDaCircunferencia\CalculoDaCircunferencia.csproj", "{ADDF8A8B-7947-47F8-B741-59CE04450859}"
EndProject
Global
	GlobalSection(SolutionConfigurationPlatforms) = preSolution
		Debug|Any CPU = Debug|Any CPU
		Release|Any CPU = Release|Any CPU
	EndGlobalSection
	GlobalSection(ProjectConfigurationPlatforms) = postSolution
		{ADDF8A8B-7947-47F8-B741-59CE04450859}.Debug|Any CPU.ActiveCfg = Debug|Any CPU
		{ADDF8A8B-7947-47F8-B741-59CE04450859}.Debug|Any CPU.Build.0 = Debug|Any CPU
		{ADDF8A8B-7947-47F8-B741-59CE04450859}.Release|Any CPU.ActiveCfg = Release|Any CPU
		{ADDF8A8B-7947-47F8-B741-59CE04450859}.Release|Any CPU.Build.0 = Release|Any CPU
	EndGlobalSection
	GlobalSection(SolutionProperties) = preSolution
		HideSolutionNode = FALSE
	EndGlobalSection
	GlobalSection(ExtensibilityGlobals) = postSolution
		SolutionGuid = {64AB3C38-AA8A-4EA2-9BB4-6A5FEBF9A83F}
	EndGlobalSection
EndGlobal
